#MicroXplorer Configuration settings - do not modify
CAD.formats=
CAD.pinconfig=
CAD.provider=
File.Version=6
GPIO.groupedBy=Group By Peripherals
KeepUserPlacement=false
Mcu.CPN=STM32F405ZGT6
Mcu.Family=STM32F4
Mcu.IP0=NVIC
Mcu.IP1=RCC
Mcu.IP2=SPI1
Mcu.IP3=SYS
Mcu.IP4=USART1
Mcu.IP5=USART2
Mcu.IPNb=6
Mcu.Name=STM32F405ZGTx
Mcu.Package=LQFP144
Mcu.Pin0=PE2
Mcu.Pin1=PE3
Mcu.Pin10=PF2
Mcu.Pin100=PB4
Mcu.Pin101=PB5
Mcu.Pin102=PB6
Mcu.Pin103=PB7
Mcu.Pin104=PB8
Mcu.Pin105=PB9
Mcu.Pin106=PE0
Mcu.Pin107=PE1
Mcu.Pin108=VP_SYS_VS_Systick
Mcu.Pin11=PF3
Mcu.Pin12=PF4
Mcu.Pin13=PF5
Mcu.Pin14=PF6
Mcu.Pin15=PF7
Mcu.Pin16=PF8
Mcu.Pin17=PF9
Mcu.Pin18=PF10
Mcu.Pin19=PH0-OSC_IN
Mcu.Pin2=PE4
Mcu.Pin20=PH1-OSC_OUT
Mcu.Pin21=PC0
Mcu.Pin22=PC1
Mcu.Pin23=PC2
Mcu.Pin24=PC3
Mcu.Pin25=PA2
Mcu.Pin26=PA3
Mcu.Pin27=PA4
Mcu.Pin28=PA5
Mcu.Pin29=PA6
Mcu.Pin3=PE5
Mcu.Pin30=PA7
Mcu.Pin31=PC4
Mcu.Pin32=PC5
Mcu.Pin33=PB0
Mcu.Pin34=PB1
Mcu.Pin35=PB2
Mcu.Pin36=PF11
Mcu.Pin37=PF12
Mcu.Pin38=PF13
Mcu.Pin39=PF14
Mcu.Pin4=PE6
Mcu.Pin40=PF15
Mcu.Pin41=PG0
Mcu.Pin42=PG1
Mcu.Pin43=PE7
Mcu.Pin44=PE8
Mcu.Pin45=PE9
Mcu.Pin46=PE10
Mcu.Pin47=PE11
Mcu.Pin48=PE12
Mcu.Pin49=PE13
Mcu.Pin5=PC13-ANTI_TAMP
Mcu.Pin50=PE14
Mcu.Pin51=PE15
Mcu.Pin52=PB10
Mcu.Pin53=PB11
Mcu.Pin54=PB12
Mcu.Pin55=PB13
Mcu.Pin56=PB14
Mcu.Pin57=PB15
Mcu.Pin58=PD8
Mcu.Pin59=PD9
Mcu.Pin6=PC14-OSC32_IN
Mcu.Pin60=PD10
Mcu.Pin61=PD11
Mcu.Pin62=PD12
Mcu.Pin63=PD13
Mcu.Pin64=PD14
Mcu.Pin65=PD15
Mcu.Pin66=PG2
Mcu.Pin67=PG3
Mcu.Pin68=PG4
Mcu.Pin69=PG5
Mcu.Pin7=PC15-OSC32_OUT
Mcu.Pin70=PG6
Mcu.Pin71=PG7
Mcu.Pin72=PG8
Mcu.Pin73=PC6
Mcu.Pin74=PC7
Mcu.Pin75=PC8
Mcu.Pin76=PC9
Mcu.Pin77=PA9
Mcu.Pin78=PA10
Mcu.Pin79=PA11
Mcu.Pin8=PF0
Mcu.Pin80=PA12
Mcu.Pin81=PC10
Mcu.Pin82=PC11
Mcu.Pin83=PC12
Mcu.Pin84=PD0
Mcu.Pin85=PD1
Mcu.Pin86=PD2
Mcu.Pin87=PD3
Mcu.Pin88=PD4
Mcu.Pin89=PD5
Mcu.Pin9=PF1
Mcu.Pin90=PD6
Mcu.Pin91=PD7
Mcu.Pin92=PG9
Mcu.Pin93=PG10
Mcu.Pin94=PG11
Mcu.Pin95=PG12
Mcu.Pin96=PG13
Mcu.Pin97=PG14
Mcu.Pin98=PG15
Mcu.Pin99=PB3
Mcu.PinsNb=109
Mcu.ThirdPartyNb=0
Mcu.UserConstants=
Mcu.UserName=STM32F405ZGTx
MxCube.Version=6.15.0
MxDb.Version=DB.6.0.150
NVIC.BusFault_IRQn=true\:0\:0\:false\:false\:true\:false\:false\:false
NVIC.DebugMonitor_IRQn=true\:0\:0\:false\:false\:true\:false\:false\:false
NVIC.ForceEnableDMAVector=true
NVIC.HardFault_IRQn=true\:0\:0\:false\:false\:true\:false\:false\:false
NVIC.MemoryManagement_IRQn=true\:0\:0\:false\:false\:true\:false\:false\:false
NVIC.NonMaskableInt_IRQn=true\:0\:0\:false\:false\:true\:false\:false\:false
NVIC.PendSV_IRQn=true\:0\:0\:false\:false\:true\:false\:false\:false
NVIC.PriorityGroup=NVIC_PRIORITYGROUP_4
NVIC.SVCall_IRQn=true\:0\:0\:false\:false\:true\:false\:false\:false
NVIC.SysTick_IRQn=true\:15\:0\:false\:false\:true\:false\:true\:false
NVIC.USART1_IRQn=true\:0\:0\:false\:false\:true\:true\:true\:true
NVIC.UsageFault_IRQn=true\:0\:0\:false\:false\:true\:false\:false\:false
PA10.GPIOParameters=GPIO_PuPd,GPIO_Label
PA10.GPIO_Label=RXI1
PA10.GPIO_PuPd=GPIO_PULLUP
PA10.Locked=true
PA10.Mode=Asynchronous
PA10.Signal=USART1_RX
PA11.GPIOParameters=GPIO_PuPd
PA11.GPIO_PuPd=GPIO_PULLUP
PA11.Locked=true
PA11.Signal=GPIO_Input
PA12.Locked=true
PA12.Signal=GPIO_Output
PA2.GPIOParameters=GPIO_Label
PA2.GPIO_Label=TXO2
PA2.Locked=true
PA2.Mode=Asynchronous
PA2.Signal=USART2_TX
PA3.GPIOParameters=GPIO_PuPd,GPIO_Label
PA3.GPIO_Label=RXI2
PA3.GPIO_PuPd=GPIO_PULLUP
PA3.Locked=true
PA3.Mode=Asynchronous
PA3.Signal=USART2_RX
PA4.GPIOParameters=GPIO_PuPd,GPIO_Label
PA4.GPIO_Label=SPI1_NSS
PA4.GPIO_PuPd=GPIO_PULLUP
PA4.Locked=true
PA4.Mode=NSS_Signal_Hard_Output
PA4.Signal=SPI1_NSS
PA5.GPIOParameters=GPIO_Label
PA5.GPIO_Label=SPI1_SCK
PA5.Locked=true
PA5.Mode=TX_Only_Simplex_Unidirect_Master
PA5.Signal=SPI1_SCK
PA6.GPIOParameters=GPIO_PuPd,GPIO_Label
PA6.GPIO_Label=SPI1_MIS0
PA6.GPIO_PuPd=GPIO_PULLDOWN
PA6.Locked=true
PA6.Signal=SPI1_MISO
PA7.GPIOParameters=GPIO_Label
PA7.GPIO_Label=SPI1_MOSI
PA7.Locked=true
PA7.Mode=TX_Only_Simplex_Unidirect_Master
PA7.Signal=SPI1_MOSI
PA9.GPIOParameters=GPIO_Label
PA9.GPIO_Label=TXO1
PA9.Locked=true
PA9.Mode=Asynchronous
PA9.Signal=USART1_TX
PB0.GPIOParameters=GPIO_PuPd,GPIO_Label
PB0.GPIO_Label=PB0
PB0.GPIO_PuPd=GPIO_PULLDOWN
PB0.Locked=true
PB0.Signal=GPIO_Input
PB1.GPIOParameters=GPIO_PuPd,GPIO_Label
PB1.GPIO_Label=PB1
PB1.GPIO_PuPd=GPIO_PULLDOWN
PB1.Locked=true
PB1.Signal=GPIO_Input
PB10.GPIOParameters=GPIO_PuPd,GPIO_Label
PB10.GPIO_Label=PB10
PB10.GPIO_PuPd=GPIO_PULLDOWN
PB10.Locked=true
PB10.Signal=GPIO_Input
PB11.GPIOParameters=GPIO_PuPd,GPIO_Label
PB11.GPIO_Label=PB11
PB11.GPIO_PuPd=GPIO_PULLDOWN
PB11.Locked=true
PB11.Signal=GPIO_Input
PB12.GPIOParameters=GPIO_PuPd,GPIO_Label
PB12.GPIO_Label=PB12
PB12.GPIO_PuPd=GPIO_PULLDOWN
PB12.Locked=true
PB12.Signal=GPIO_Input
PB13.GPIOParameters=GPIO_PuPd,GPIO_Label
PB13.GPIO_Label=PB13
PB13.GPIO_PuPd=GPIO_PULLDOWN
PB13.Locked=true
PB13.Signal=GPIO_Input
PB14.GPIOParameters=GPIO_PuPd,GPIO_Label
PB14.GPIO_Label=PB14
PB14.GPIO_PuPd=GPIO_PULLDOWN
PB14.Locked=true
PB14.Signal=GPIO_Input
PB15.GPIOParameters=GPIO_PuPd,GPIO_Label
PB15.GPIO_Label=PB15
PB15.GPIO_PuPd=GPIO_PULLDOWN
PB15.Locked=true
PB15.Signal=GPIO_Input
PB2.GPIOParameters=GPIO_PuPd,GPIO_Label
PB2.GPIO_Label=PB2
PB2.GPIO_PuPd=GPIO_PULLDOWN
PB2.Locked=true
PB2.Signal=GPIO_Input
PB3.GPIOParameters=GPIO_PuPd,GPIO_Label
PB3.GPIO_Label=PB3
PB3.GPIO_PuPd=GPIO_PULLDOWN
PB3.Locked=true
PB3.Signal=GPIO_Input
PB4.GPIOParameters=GPIO_PuPd,GPIO_Label
PB4.GPIO_Label=PB4
PB4.GPIO_PuPd=GPIO_PULLDOWN
PB4.Locked=true
PB4.Signal=GPIO_Input
PB5.GPIOParameters=GPIO_PuPd,GPIO_Label
PB5.GPIO_Label=PB5
PB5.GPIO_PuPd=GPIO_PULLDOWN
PB5.Locked=true
PB5.Signal=GPIO_Input
PB6.GPIOParameters=GPIO_PuPd,GPIO_Label
PB6.GPIO_Label=PB6
PB6.GPIO_PuPd=GPIO_PULLDOWN
PB6.Locked=true
PB6.Signal=GPIO_Input
PB7.GPIOParameters=GPIO_PuPd,GPIO_Label
PB7.GPIO_Label=PB7
PB7.GPIO_PuPd=GPIO_PULLDOWN
PB7.Locked=true
PB7.Signal=GPIO_Input
PB8.GPIOParameters=GPIO_PuPd,GPIO_Label
PB8.GPIO_Label=PB8
PB8.GPIO_PuPd=GPIO_PULLDOWN
PB8.Locked=true
PB8.Signal=GPIO_Input
PB9.GPIOParameters=GPIO_PuPd,GPIO_Label
PB9.GPIO_Label=PB9
PB9.GPIO_PuPd=GPIO_PULLDOWN
PB9.Locked=true
PB9.Signal=GPIO_Input
PC0.GPIOParameters=GPIO_PuPd,GPIO_Label
PC0.GPIO_Label=PC0
PC0.GPIO_PuPd=GPIO_PULLDOWN
PC0.Locked=true
PC0.Signal=GPIO_Input
PC1.GPIOParameters=GPIO_PuPd,GPIO_Label
PC1.GPIO_Label=PC1
PC1.GPIO_PuPd=GPIO_PULLDOWN
PC1.Locked=true
PC1.Signal=GPIO_Input
PC10.GPIOParameters=GPIO_PuPd,GPIO_Label
PC10.GPIO_Label=PC10
PC10.GPIO_PuPd=GPIO_PULLDOWN
PC10.Locked=true
PC10.Signal=GPIO_Input
PC11.GPIOParameters=GPIO_PuPd,GPIO_Label
PC11.GPIO_Label=PC11
PC11.GPIO_PuPd=GPIO_PULLDOWN
PC11.Locked=true
PC11.Signal=GPIO_Input
PC12.GPIOParameters=GPIO_PuPd,GPIO_Label
PC12.GPIO_Label=PC12
PC12.GPIO_PuPd=GPIO_PULLDOWN
PC12.Locked=true
PC12.Signal=GPIO_Input
PC13-ANTI_TAMP.GPIOParameters=GPIO_PuPd,GPIO_Label
PC13-ANTI_TAMP.GPIO_Label=PC13
PC13-ANTI_TAMP.GPIO_PuPd=GPIO_PULLDOWN
PC13-ANTI_TAMP.Locked=true
PC13-ANTI_TAMP.Signal=GPIO_Input
PC14-OSC32_IN.GPIOParameters=GPIO_PuPd,GPIO_Label
PC14-OSC32_IN.GPIO_Label=PC14
PC14-OSC32_IN.GPIO_PuPd=GPIO_PULLDOWN
PC14-OSC32_IN.Locked=true
PC14-OSC32_IN.Signal=GPIO_Input
PC15-OSC32_OUT.GPIOParameters=GPIO_PuPd,GPIO_Label
PC15-OSC32_OUT.GPIO_Label=PC15
PC15-OSC32_OUT.GPIO_PuPd=GPIO_PULLDOWN
PC15-OSC32_OUT.Locked=true
PC15-OSC32_OUT.Signal=GPIO_Input
PC2.GPIOParameters=GPIO_PuPd,GPIO_Label
PC2.GPIO_Label=PC2
PC2.GPIO_PuPd=GPIO_PULLDOWN
PC2.Locked=true
PC2.Signal=GPIO_Input
PC3.GPIOParameters=GPIO_PuPd,GPIO_Label
PC3.GPIO_Label=PC3
PC3.GPIO_PuPd=GPIO_PULLDOWN
PC3.Locked=true
PC3.Signal=GPIO_Input
PC4.GPIOParameters=GPIO_PuPd,GPIO_Label
PC4.GPIO_Label=PC4
PC4.GPIO_PuPd=GPIO_PULLDOWN
PC4.Locked=true
PC4.Signal=GPIO_Input
PC5.GPIOParameters=GPIO_PuPd,GPIO_Label
PC5.GPIO_Label=PC5
PC5.GPIO_PuPd=GPIO_PULLDOWN
PC5.Locked=true
PC5.Signal=GPIO_Input
PC6.GPIOParameters=GPIO_PuPd,GPIO_Label
PC6.GPIO_Label=PC6
PC6.GPIO_PuPd=GPIO_PULLDOWN
PC6.Locked=true
PC6.Signal=GPIO_Input
PC7.GPIOParameters=GPIO_PuPd,GPIO_Label
PC7.GPIO_Label=PC7
PC7.GPIO_PuPd=GPIO_PULLDOWN
PC7.Locked=true
PC7.Signal=GPIO_Input
PC8.GPIOParameters=GPIO_PuPd,GPIO_Label
PC8.GPIO_Label=PC8
PC8.GPIO_PuPd=GPIO_PULLDOWN
PC8.Locked=true
PC8.Signal=GPIO_Input
PC9.GPIOParameters=GPIO_PuPd,GPIO_Label
PC9.GPIO_Label=PC9
PC9.GPIO_PuPd=GPIO_PULLDOWN
PC9.Locked=true
PC9.Signal=GPIO_Input
PD0.GPIOParameters=GPIO_PuPd,GPIO_Label
PD0.GPIO_Label=PD0
PD0.GPIO_PuPd=GPIO_PULLDOWN
PD0.Locked=true
PD0.Signal=GPIO_Input
PD1.GPIOParameters=GPIO_PuPd,GPIO_Label
PD1.GPIO_Label=PD1
PD1.GPIO_PuPd=GPIO_PULLDOWN
PD1.Locked=true
PD1.Signal=GPIO_Input
PD10.GPIOParameters=GPIO_PuPd,GPIO_Label
PD10.GPIO_Label=PD10
PD10.GPIO_PuPd=GPIO_PULLDOWN
PD10.Locked=true
PD10.Signal=GPIO_Input
PD11.GPIOParameters=GPIO_PuPd,GPIO_Label
PD11.GPIO_Label=PD11
PD11.GPIO_PuPd=GPIO_PULLDOWN
PD11.Locked=true
PD11.Signal=GPIO_Input
PD12.GPIOParameters=GPIO_PuPd,GPIO_Label
PD12.GPIO_Label=PD12
PD12.GPIO_PuPd=GPIO_PULLDOWN
PD12.Locked=true
PD12.Signal=GPIO_Input
PD13.GPIOParameters=GPIO_PuPd,GPIO_Label
PD13.GPIO_Label=PD13
PD13.GPIO_PuPd=GPIO_PULLDOWN
PD13.Locked=true
PD13.Signal=GPIO_Input
PD14.GPIOParameters=GPIO_PuPd,GPIO_Label
PD14.GPIO_Label=PD14
PD14.GPIO_PuPd=GPIO_PULLDOWN
PD14.Locked=true
PD14.Signal=GPIO_Input
PD15.GPIOParameters=GPIO_PuPd,GPIO_Label
PD15.GPIO_Label=PD15
PD15.GPIO_PuPd=GPIO_PULLDOWN
PD15.Locked=true
PD15.Signal=GPIO_Input
PD2.GPIOParameters=GPIO_PuPd,GPIO_Label
PD2.GPIO_Label=PD2
PD2.GPIO_PuPd=GPIO_PULLDOWN
PD2.Locked=true
PD2.Signal=GPIO_Input
PD3.GPIOParameters=GPIO_PuPd,GPIO_Label
PD3.GPIO_Label=PD3
PD3.GPIO_PuPd=GPIO_PULLDOWN
PD3.Locked=true
PD3.Signal=GPIO_Input
PD4.GPIOParameters=GPIO_PuPd,GPIO_Label
PD4.GPIO_Label=PD4
PD4.GPIO_PuPd=GPIO_PULLDOWN
PD4.Locked=true
PD4.Signal=GPIO_Input
PD5.GPIOParameters=GPIO_PuPd,GPIO_Label
PD5.GPIO_Label=PD5
PD5.GPIO_PuPd=GPIO_PULLDOWN
PD5.Locked=true
PD5.Signal=GPIO_Input
PD6.GPIOParameters=GPIO_PuPd,GPIO_Label
PD6.GPIO_Label=PD6
PD6.GPIO_PuPd=GPIO_PULLDOWN
PD6.Locked=true
PD6.Signal=GPIO_Input
PD7.GPIOParameters=GPIO_PuPd,GPIO_Label
PD7.GPIO_Label=PD7
PD7.GPIO_PuPd=GPIO_PULLDOWN
PD7.Locked=true
PD7.Signal=GPIO_Input
PD8.GPIOParameters=GPIO_PuPd,GPIO_Label
PD8.GPIO_Label=PD8
PD8.GPIO_PuPd=GPIO_PULLDOWN
PD8.Locked=true
PD8.Signal=GPIO_Input
PD9.GPIOParameters=GPIO_PuPd,GPIO_Label
PD9.GPIO_Label=PD9
PD9.GPIO_PuPd=GPIO_PULLDOWN
PD9.Locked=true
PD9.Signal=GPIO_Input
PE0.GPIOParameters=GPIO_PuPd,GPIO_Label
PE0.GPIO_Label=PE0
PE0.GPIO_PuPd=GPIO_PULLDOWN
PE0.Locked=true
PE0.Signal=GPIO_Input
PE1.GPIOParameters=GPIO_PuPd,GPIO_Label
PE1.GPIO_Label=PE1
PE1.GPIO_PuPd=GPIO_PULLDOWN
PE1.Locked=true
PE1.Signal=GPIO_Input
PE10.GPIOParameters=GPIO_PuPd,GPIO_Label
PE10.GPIO_Label=PE10
PE10.GPIO_PuPd=GPIO_PULLDOWN
PE10.Locked=true
PE10.Signal=GPIO_Input
PE11.GPIOParameters=GPIO_PuPd,GPIO_Label
PE11.GPIO_Label=PE11
PE11.GPIO_PuPd=GPIO_PULLDOWN
PE11.Locked=true
PE11.Signal=GPIO_Input
PE12.GPIOParameters=GPIO_PuPd,GPIO_Label
PE12.GPIO_Label=PE12
PE12.GPIO_PuPd=GPIO_PULLDOWN
PE12.Locked=true
PE12.Signal=GPIO_Input
PE13.GPIOParameters=GPIO_PuPd,GPIO_Label
PE13.GPIO_Label=PE13
PE13.GPIO_PuPd=GPIO_PULLDOWN
PE13.Locked=true
PE13.Signal=GPIO_Input
PE14.GPIOParameters=GPIO_PuPd,GPIO_Label
PE14.GPIO_Label=PE14
PE14.GPIO_PuPd=GPIO_PULLDOWN
PE14.Locked=true
PE14.Signal=GPIO_Input
PE15.GPIOParameters=GPIO_PuPd,GPIO_Label
PE15.GPIO_Label=PE15
PE15.GPIO_PuPd=GPIO_PULLDOWN
PE15.Locked=true
PE15.Signal=GPIO_Input
PE2.GPIOParameters=GPIO_PuPd,GPIO_Label
PE2.GPIO_Label=PE2
PE2.GPIO_PuPd=GPIO_PULLDOWN
PE2.Locked=true
PE2.Signal=GPIO_Input
PE3.GPIOParameters=GPIO_PuPd,GPIO_Label
PE3.GPIO_Label=PE3
PE3.GPIO_PuPd=GPIO_PULLDOWN
PE3.Locked=true
PE3.Signal=GPIO_Input
PE4.GPIOParameters=GPIO_PuPd,GPIO_Label
PE4.GPIO_Label=PE4
PE4.GPIO_PuPd=GPIO_PULLDOWN
PE4.Locked=true
PE4.Signal=GPIO_Input
PE5.GPIOParameters=GPIO_PuPd,GPIO_Label
PE5.GPIO_Label=PE5
PE5.GPIO_PuPd=GPIO_PULLDOWN
PE5.Locked=true
PE5.Signal=GPIO_Input
PE6.GPIOParameters=GPIO_PuPd,GPIO_Label
PE6.GPIO_Label=PE6
PE6.GPIO_PuPd=GPIO_PULLDOWN
PE6.Locked=true
PE6.Signal=GPIO_Input
PE7.GPIOParameters=GPIO_PuPd,GPIO_Label
PE7.GPIO_Label=PE7
PE7.GPIO_PuPd=GPIO_PULLDOWN
PE7.Locked=true
PE7.Signal=GPIO_Input
PE8.GPIOParameters=GPIO_PuPd,GPIO_Label
PE8.GPIO_Label=PE8
PE8.GPIO_PuPd=GPIO_PULLDOWN
PE8.Locked=true
PE8.Signal=GPIO_Input
PE9.GPIOParameters=GPIO_PuPd,GPIO_Label
PE9.GPIO_Label=PE9
PE9.GPIO_PuPd=GPIO_PULLDOWN
PE9.Locked=true
PE9.Signal=GPIO_Input
PF0.GPIOParameters=GPIO_PuPd,GPIO_Label
PF0.GPIO_Label=PF0
PF0.GPIO_PuPd=GPIO_PULLDOWN
PF0.Locked=true
PF0.Signal=GPIO_Input
PF1.GPIOParameters=GPIO_PuPd,GPIO_Label
PF1.GPIO_Label=PF1
PF1.GPIO_PuPd=GPIO_PULLDOWN
PF1.Locked=true
PF1.Signal=GPIO_Input
PF10.GPIOParameters=GPIO_PuPd,GPIO_Label
PF10.GPIO_Label=PF10
PF10.GPIO_PuPd=GPIO_PULLDOWN
PF10.Locked=true
PF10.Signal=GPIO_Input
PF11.GPIOParameters=GPIO_PuPd,GPIO_Label
PF11.GPIO_Label=PF11
PF11.GPIO_PuPd=GPIO_PULLDOWN
PF11.Locked=true
PF11.Signal=GPIO_Input
PF12.GPIOParameters=GPIO_PuPd,GPIO_Label
PF12.GPIO_Label=PF12
PF12.GPIO_PuPd=GPIO_PULLDOWN
PF12.Locked=true
PF12.Signal=GPIO_Input
PF13.GPIOParameters=GPIO_PuPd,GPIO_Label
PF13.GPIO_Label=PF13
PF13.GPIO_PuPd=GPIO_PULLDOWN
PF13.Locked=true
PF13.Signal=GPIO_Input
PF14.GPIOParameters=GPIO_PuPd,GPIO_Label
PF14.GPIO_Label=PF14
PF14.GPIO_PuPd=GPIO_PULLDOWN
PF14.Locked=true
PF14.Signal=GPIO_Input
PF15.GPIOParameters=GPIO_PuPd,GPIO_Label
PF15.GPIO_Label=PF15
PF15.GPIO_PuPd=GPIO_PULLDOWN
PF15.Locked=true
PF15.Signal=GPIO_Input
PF2.GPIOParameters=GPIO_PuPd,GPIO_Label
PF2.GPIO_Label=PF2
PF2.GPIO_PuPd=GPIO_PULLDOWN
PF2.Locked=true
PF2.Signal=GPIO_Input
PF3.GPIOParameters=GPIO_PuPd,GPIO_Label
PF3.GPIO_Label=PF3
PF3.GPIO_PuPd=GPIO_PULLDOWN
PF3.Locked=true
PF3.Signal=GPIO_Input
PF4.GPIOParameters=GPIO_PuPd,GPIO_Label
PF4.GPIO_Label=PF4
PF4.GPIO_PuPd=GPIO_PULLDOWN
PF4.Locked=true
PF4.Signal=GPIO_Input
PF5.GPIOParameters=GPIO_PuPd,GPIO_Label
PF5.GPIO_Label=PF5
PF5.GPIO_PuPd=GPIO_PULLDOWN
PF5.Locked=true
PF5.Signal=GPIO_Input
PF6.GPIOParameters=GPIO_PuPd,GPIO_Label
PF6.GPIO_Label=PF6
PF6.GPIO_PuPd=GPIO_PULLDOWN
PF6.Locked=true
PF6.Signal=GPIO_Input
PF7.GPIOParameters=GPIO_PuPd,GPIO_Label
PF7.GPIO_Label=PF7
PF7.GPIO_PuPd=GPIO_PULLDOWN
PF7.Locked=true
PF7.Signal=GPIO_Input
PF8.GPIOParameters=GPIO_PuPd,GPIO_Label
PF8.GPIO_Label=PF8
PF8.GPIO_PuPd=GPIO_PULLDOWN
PF8.Locked=true
PF8.Signal=GPIO_Input
PF9.GPIOParameters=GPIO_PuPd,GPIO_Label
PF9.GPIO_Label=PF9
PF9.GPIO_PuPd=GPIO_PULLDOWN
PF9.Locked=true
PF9.Signal=GPIO_Input
PG0.GPIOParameters=GPIO_Label
PG0.GPIO_Label=PG0
PG0.Locked=true
PG0.Signal=GPIO_Output
PG1.GPIOParameters=GPIO_Label
PG1.GPIO_Label=PG1
PG1.Locked=true
PG1.Signal=GPIO_Output
PG10.GPIOParameters=GPIO_Label
PG10.GPIO_Label=PG10
PG10.Locked=true
PG10.Signal=GPIO_Output
PG11.GPIOParameters=GPIO_Label
PG11.GPIO_Label=PG11
PG11.Locked=true
PG11.Signal=GPIO_Output
PG12.GPIOParameters=GPIO_Label
PG12.GPIO_Label=PG12
PG12.Locked=true
PG12.Signal=GPIO_Output
PG13.GPIOParameters=GPIO_Label
PG13.GPIO_Label=PG13
PG13.Locked=true
PG13.Signal=GPIO_Output
PG14.GPIOParameters=GPIO_Label
PG14.GPIO_Label=PG14
PG14.Locked=true
PG14.Signal=GPIO_Output
PG15.GPIOParameters=GPIO_Label
PG15.GPIO_Label=PG15
PG15.Locked=true
PG15.Signal=GPIO_Output
PG2.GPIOParameters=GPIO_Label
PG2.GPIO_Label=PG2
PG2.Locked=true
PG2.Signal=GPIO_Output
PG3.GPIOParameters=GPIO_Label
PG3.GPIO_Label=PG3
PG3.Locked=true
PG3.Signal=GPIO_Output
PG4.GPIOParameters=GPIO_Label
PG4.GPIO_Label=PG4
PG4.Locked=true
PG4.Signal=GPIO_Output
PG5.GPIOParameters=GPIO_Label
PG5.GPIO_Label=PG5
PG5.Locked=true
PG5.Signal=GPIO_Output
PG6.GPIOParameters=GPIO_Label
PG6.GPIO_Label=PG6
PG6.Locked=true
PG6.Signal=GPIO_Output
PG7.GPIOParameters=GPIO_Label
PG7.GPIO_Label=PG7
PG7.Locked=true
PG7.Signal=GPIO_Output
PG8.GPIOParameters=GPIO_Label
PG8.GPIO_Label=PG8
PG8.Locked=true
PG8.Signal=GPIO_Output
PG9.GPIOParameters=GPIO_Label
PG9.GPIO_Label=PG9
PG9.Locked=true
PG9.Signal=GPIO_Output
PH0-OSC_IN.Mode=HSE-External-Oscillator
PH0-OSC_IN.Signal=RCC_OSC_IN
PH1-OSC_OUT.Mode=HSE-External-Oscillator
PH1-OSC_OUT.Signal=RCC_OSC_OUT
PinOutPanel.RotationAngle=0
ProjectManager.AskForMigrate=true
ProjectManager.BackupPrevious=false
ProjectManager.CompilerLinker=GCC
ProjectManager.CompilerOptimize=6
ProjectManager.ComputerToolchain=false
ProjectManager.CoupleFile=false
ProjectManager.CustomerFirmwarePackage=
ProjectManager.DefaultFWLocation=true
ProjectManager.DeletePrevious=true
ProjectManager.DeviceId=STM32F405ZGTx
ProjectManager.FirmwarePackage=STM32Cube FW_F4 V1.28.3
ProjectManager.FreePins=false
ProjectManager.HalAssertFull=false
ProjectManager.HeapSize=0x200
ProjectManager.KeepUserCode=true
ProjectManager.LastFirmware=true
ProjectManager.LibraryCopy=1
ProjectManager.MainLocation=Core/Src
ProjectManager.NoMain=false
ProjectManager.PreviousToolchain=
ProjectManager.ProjectBuild=false
ProjectManager.ProjectFileName=AP-Generic.ioc
ProjectManager.ProjectName=AP-Generic
ProjectManager.ProjectStructure=
ProjectManager.RegisterCallBack=
ProjectManager.StackSize=0x400
ProjectManager.TargetToolchain=STM32CubeIDE
ProjectManager.ToolChainLocation=
ProjectManager.UAScriptAfterPath=
ProjectManager.UAScriptBeforePath=
ProjectManager.UnderRoot=true
ProjectManager.functionlistsort=1-SystemClock_Config-RCC-false-HAL-false,2-MX_GPIO_Init-GPIO-false-HAL-true,3-MX_SPI1_Init-SPI1-false-HAL-true,4-MX_USART1_UART_Init-USART1-false-HAL-true,5-MX_USART2_UART_Init-USART2-false-HAL-true
RCC.48MHZClocksFreq_Value=84000000
RCC.AHBFreq_Value=168000000
RCC.APB1CLKDivider=RCC_HCLK_DIV4
RCC.APB1Freq_Value=42000000
RCC.APB1TimFreq_Value=84000000
RCC.APB2CLKDivider=RCC_HCLK_DIV2
RCC.APB2Freq_Value=84000000
RCC.APB2TimFreq_Value=168000000
RCC.CortexFreq_Value=168000000
RCC.EthernetFreq_Value=168000000
RCC.FCLKCortexFreq_Value=168000000
RCC.FamilyName=M
RCC.HCLKFreq_Value=168000000
RCC.HSE_VALUE=8000000
RCC.HSI_VALUE=16000000
RCC.I2SClocksFreq_Value=192000000
RCC.IPParameters=48MHZClocksFreq_Value,AHBFreq_Value,APB1CLKDivider,APB1Freq_Value,APB1TimFreq_Value,APB2CLKDivider,APB2Freq_Value,APB2TimFreq_Value,CortexFreq_Value,EthernetFreq_Value,FCLKCortexFreq_Value,FamilyName,HCLKFreq_Value,HSE_VALUE,HSI_VALUE,I2SClocksFreq_Value,LSE_VALUE,LSI_VALUE,MCO2PinFreq_Value,PLLCLKFreq_Value,PLLM,PLLN,PLLQCLKFreq_Value,PLLSourceVirtual,RTCFreq_Value,RTCHSEDivFreq_Value,SYSCLKFreq_VALUE,SYSCLKSource,VCOI2SOutputFreq_Value,VCOInputFreq_Value,VCOOutputFreq_Value,VcooutputI2S
RCC.LSE_VALUE=32768
RCC.LSI_VALUE=32000
RCC.MCO2PinFreq_Value=168000000
RCC.PLLCLKFreq_Value=168000000
RCC.PLLM=4
RCC.PLLN=168
RCC.PLLQCLKFreq_Value=84000000
RCC.PLLSourceVirtual=RCC_PLLSOURCE_HSE
RCC.RTCFreq_Value=32000
RCC.RTCHSEDivFreq_Value=4000000
RCC.SYSCLKFreq_VALUE=168000000
RCC.SYSCLKSource=RCC_SYSCLKSOURCE_PLLCLK
RCC.VCOI2SOutputFreq_Value=384000000
RCC.VCOInputFreq_Value=2000000
RCC.VCOOutputFreq_Value=336000000
RCC.VcooutputI2S=192000000
SPI1.BaudRatePrescaler=SPI_BAUDRATEPRESCALER_2
SPI1.CalculateBaudRate=42.0 MBits/s
SPI1.Direction=SPI_DIRECTION_2LINES
SPI1.IPParameters=VirtualType,Mode,Direction,CalculateBaudRate,VirtualNSS,BaudRatePrescaler
SPI1.Mode=SPI_MODE_MASTER
SPI1.VirtualNSS=VM_NSSHARD
SPI1.VirtualType=VM_MASTER
USART1.IPParameters=VirtualMode
USART1.VirtualMode=VM_ASYNC
USART2.IPParameters=VirtualMode
USART2.VirtualMode=VM_ASYNC
VP_SYS_VS_Systick.Mode=SysTick
VP_SYS_VS_Systick.Signal=SYS_VS_Systick
board=custom
isbadioc=false
